
Microsoft Visual Studio Solution File, Format Version 12.00
# Visual Studio Version 16
VisualStudioVersion = 16.0.30204.135
MinimumVisualStudioVersion = 10.0.40219.1
Project("{FAE04EC0-301F-11D3-BF4B-00C04F79EFBC}") = "DESI8N.com", "DESI8N.com.csproj", "{161D1CC4-B93A-4D33-BEE9-971372BD84DD}"
EndProject
Global
	GlobalSection(SolutionConfigurationPlatforms) = preSolution
		Debug|Any CPU = Debug|Any CPU
		Release|Any CPU = Release|Any CPU
	EndGlobalSection
	GlobalSection(ProjectConfigurationPlatforms) = postSolution
		{161D1CC4-B93A-4D33-BEE9-971372BD84DD}.Debug|Any CPU.ActiveCfg = Debug|Any CPU
		{161D1CC4-B93A-4D33-BEE9-971372BD84DD}.Debug|Any CPU.Build.0 = Debug|Any CPU
		{161D1CC4-B93A-4D33-BEE9-971372BD84DD}.Release|Any CPU.ActiveCfg = Release|Any CPU
		{161D1CC4-B93A-4D33-BEE9-971372BD84DD}.Release|Any CPU.Build.0 = Release|Any CPU
	EndGlobalSection
	GlobalSection(SolutionProperties) = preSolution
		HideSolutionNode = FALSE
	EndGlobalSection
	GlobalSection(ExtensibilityGlobals) = postSolution
		SolutionGuid = {EF68EC71-306E-47C8-8FDF-CA11529BDA3F}
	EndGlobalSection
EndGlobal
